// !$*UTF8*$!
{
	archiveVersion = 1;
	classes = {
	};
	objectVersion = 56;
	objects = {

/* Begin PBXBuildFile section */
		5AA5C5852B60667300934CE5 /* LandmarkAdderView.swift in Sources */ = {isa = PBXBuildFile; fileRef = 5AA5C5842B60667300934CE5 /* LandmarkAdderView.swift */; };
		5AA5C5872B60677900934CE5 /* Landmark.swift in Sources */ = {isa = PBXBuildFile; fileRef = 5AA5C5862B60677900934CE5 /* Landmark.swift */; };
		5AA5C5892B60776A00934CE5 /* LandmarkDetailView.swift in Sources */ = {isa = PBXBuildFile; fileRef = 5AA5C5882B60776A00934CE5 /* LandmarkDetailView.swift */; };
		B5674D532B6033DA00B20F39 /* SpartahackAppApp.swift in Sources */ = {isa = PBXBuildFile; fileRef = B5674D522B6033DA00B20F39 /* SpartahackAppApp.swift */; };
		B5674D552B6033DA00B20F39 /* ContentView.swift in Sources */ = {isa = PBXBuildFile; fileRef = B5674D542B6033DA00B20F39 /* ContentView.swift */; };
		B5674D572B6033DA00B20F39 /* Item.swift in Sources */ = {isa = PBXBuildFile; fileRef = B5674D562B6033DA00B20F39 /* Item.swift */; };
		B5674D592B6033E600B20F39 /* Assets.xcassets in Resources */ = {isa = PBXBuildFile; fileRef = B5674D582B6033E600B20F39 /* Assets.xcassets */; };
		B5674D5C2B6033E600B20F39 /* Preview Assets.xcassets in Resources */ = {isa = PBXBuildFile; fileRef = B5674D5B2B6033E600B20F39 /* Preview Assets.xcassets */; };
/* End PBXBuildFile section */

/* Begin PBXFileReference section */
		5AA5C5842B60667300934CE5 /* LandmarkAdderView.swift */ = {isa = PBXFileReference; lastKnownFileType = sourcecode.swift; path = LandmarkAdderView.swift; sourceTree = "<group>"; };
		5AA5C5862B60677900934CE5 /* Landmark.swift */ = {isa = PBXFileReference; lastKnownFileType = sourcecode.swift; path = Landmark.swift; sourceTree = "<group>"; };
		5AA5C5882B60776A00934CE5 /* LandmarkDetailView.swift */ = {isa = PBXFileReference; lastKnownFileType = sourcecode.swift; path = LandmarkDetailView.swift; sourceTree = "<group>"; };
		B5674D4F2B6033DA00B20F39 /* SpartahackApp.app */ = {isa = PBXFileReference; explicitFileType = wrapper.application; includeInIndex = 0; path = SpartahackApp.app; sourceTree = BUILT_PRODUCTS_DIR; };
		B5674D522B6033DA00B20F39 /* SpartahackAppApp.swift */ = {isa = PBXFileReference; lastKnownFileType = sourcecode.swift; path = SpartahackAppApp.swift; sourceTree = "<group>"; };
		B5674D542B6033DA00B20F39 /* ContentView.swift */ = {isa = PBXFileReference; lastKnownFileType = sourcecode.swift; path = ContentView.swift; sourceTree = "<group>"; };
		B5674D562B6033DA00B20F39 /* Item.swift */ = {isa = PBXFileReference; lastKnownFileType = sourcecode.swift; path = Item.swift; sourceTree = "<group>"; };
		B5674D582B6033E600B20F39 /* Assets.xcassets */ = {isa = PBXFileReference; lastKnownFileType = folder.assetcatalog; path = Assets.xcassets; sourceTree = "<group>"; };
		B5674D5B2B6033E600B20F39 /* Preview Assets.xcassets */ = {isa = PBXFileReference; lastKnownFileType = folder.assetcatalog; path = "Preview Assets.xcassets"; sourceTree = "<group>"; };
		B5674D5D2B6033E600B20F39 /* SpartahackApp.entitlements */ = {isa = PBXFileReference; lastKnownFileType = text.plist.entitlements; path = SpartahackApp.entitlements; sourceTree = "<group>"; };
/* End PBXFileReference section */

/* Begin PBXFrameworksBuildPhase section */
		B5674D4C2B6033DA00B20F39 /* Frameworks */ = {
			isa = PBXFrameworksBuildPhase;
			buildActionMask = 2147483647;
			files = (
			);
			runOnlyForDeploymentPostprocessing = 0;
		};
/* End PBXFrameworksBuildPhase section */

/* Begin PBXGroup section */
		B5674D462B6033DA00B20F39 = {
			isa = PBXGroup;
			children = (
				B5674D512B6033DA00B20F39 /* SpartahackApp */,
				B5674D502B6033DA00B20F39 /* Products */,
			);
			sourceTree = "<group>";
		};
		B5674D502B6033DA00B20F39 /* Products */ = {
			isa = PBXGroup;
			children = (
				B5674D4F2B6033DA00B20F39 /* SpartahackApp.app */,
			);
			name = Products;
			sourceTree = "<group>";
		};
		B5674D512B6033DA00B20F39 /* SpartahackApp */ = {
			isa = PBXGroup;
			children = (
				B5674D522B6033DA00B20F39 /* SpartahackAppApp.swift */,
				B5674D542B6033DA00B20F39 /* ContentView.swift */,
				5AA5C5882B60776A00934CE5 /* LandmarkDetailView.swift */,
				5AA5C5862B60677900934CE5 /* Landmark.swift */,
				5AA5C5842B60667300934CE5 /* LandmarkAdderView.swift */,
				B5674D562B6033DA00B20F39 /* Item.swift */,
				B5674D582B6033E600B20F39 /* Assets.xcassets */,
				B5674D5D2B6033E600B20F39 /* SpartahackApp.entitlements */,
				B5674D5A2B6033E600B20F39 /* Preview Content */,
			);
			path = SpartahackApp;
			sourceTree = "<group>";
		};
		B5674D5A2B6033E600B20F39 /* Preview Content */ = {
			isa = PBXGroup;
			children = (
				B5674D5B2B6033E600B20F39 /* Preview Assets.xcassets */,
			);
			path = "Preview Content";
			sourceTree = "<group>";
		};
/* End PBXGroup section */

/* Begin PBXNativeTarget section */
		B5674D4E2B6033DA00B20F39 /* SpartahackApp */ = {
			isa = PBXNativeTarget;
			buildConfigurationList = B5674D602B6033E600B20F39 /* Build configuration list for PBXNativeTarget "SpartahackApp" */;
			buildPhases = (
				B5674D4B2B6033DA00B20F39 /* Sources */,
				B5674D4C2B6033DA00B20F39 /* Frameworks */,
				B5674D4D2B6033DA00B20F39 /* Resources */,
			);
			buildRules = (
			);
			dependencies = (
			);
			name = SpartahackApp;
			productName = SpartahackApp;
			productReference = B5674D4F2B6033DA00B20F39 /* SpartahackApp.app */;
			productType = "com.apple.product-type.application";
		};
/* End PBXNativeTarget section */

/* Begin PBXProject section */
		B5674D472B6033DA00B20F39 /* Project object */ = {
			isa = PBXProject;
			attributes = {
				BuildIndependentTargetsInParallel = 1;
				LastSwiftUpdateCheck = 1500;
				LastUpgradeCheck = 1500;
				TargetAttributes = {
					B5674D4E2B6033DA00B20F39 = {
						CreatedOnToolsVersion = 15.0;
					};
				};
			};
			buildConfigurationList = B5674D4A2B6033DA00B20F39 /* Build configuration list for PBXProject "SpartahackApp" */;
			compatibilityVersion = "Xcode 14.0";
			developmentRegion = en;
			hasScannedForEncodings = 0;
			knownRegions = (
				en,
				Base,
			);
			mainGroup = B5674D462B6033DA00B20F39;
			productRefGroup = B5674D502B6033DA00B20F39 /* Products */;
			projectDirPath = "";
			projectRoot = "";
			targets = (
				B5674D4E2B6033DA00B20F39 /* SpartahackApp */,
			);
		};
/* End PBXProject section */

/* Begin PBXResourcesBuildPhase section */
		B5674D4D2B6033DA00B20F39 /* Resources */ = {
			isa = PBXResourcesBuildPhase;
			buildActionMask = 2147483647;
			files = (
				B5674D5C2B6033E600B20F39 /* Preview Assets.xcassets in Resources */,
				B5674D592B6033E600B20F39 /* Assets.xcassets in Resources */,
			);
			runOnlyForDeploymentPostprocessing = 0;
		};
/* End PBXResourcesBuildPhase section */

/* Begin PBXSourcesBuildPhase section */
		B5674D4B2B6033DA00B20F39 /* Sources */ = {
			isa = PBXSourcesBuildPhase;
			buildActionMask = 2147483647;
			files = (
				B5674D552B6033DA00B20F39 /* ContentView.swift in Sources */,
				5AA5C5872B60677900934CE5 /* Landmark.swift in Sources */,
				B5674D572B6033DA00B20F39 /* Item.swift in Sources */,
				5AA5C5852B60667300934CE5 /* LandmarkAdderView.swift in Sources */,
				B5674D532B6033DA00B20F39 /* SpartahackAppApp.swift in Sources */,
				5AA5C5892B60776A00934CE5 /* LandmarkDetailView.swift in Sources */,
			);
			runOnlyForDeploymentPostprocessing = 0;
		};
/* End PBXSourcesBuildPhase section */

/* Begin XCBuildConfiguration section */
		B5674D5E2B6033E600B20F39 /* Debug */ = {
			isa = XCBuildConfiguration;
			buildSettings = {
				ALWAYS_SEARCH_USER_PATHS = NO;
				ASSETCATALOG_COMPILER_GENERATE_SWIFT_ASSET_SYMBOL_EXTENSIONS = YES;
				CLANG_ANALYZER_NONNULL = YES;
				CLANG_ANALYZER_NUMBER_OBJECT_CONVERSION = YES_AGGRESSIVE;
				CLANG_CXX_LANGUAGE_STANDARD = "gnu++20";
				CLANG_ENABLE_MODULES = YES;
				CLANG_ENABLE_OBJC_ARC = YES;
				CLANG_ENABLE_OBJC_WEAK = YES;
				CLANG_WARN_BLOCK_CAPTURE_AUTORELEASING = YES;
				CLANG_WARN_BOOL_CONVERSION = YES;
				CLANG_WARN_COMMA = YES;
				CLANG_WARN_CONSTANT_CONVERSION = YES;
				CLANG_WARN_DEPRECATED_OBJC_IMPLEMENTATIONS = YES;
				CLANG_WARN_DIRECT_OBJC_ISA_USAGE = YES_ERROR;
				CLANG_WARN_DOCUMENTATION_COMMENTS = YES;
				CLANG_WARN_EMPTY_BODY = YES;
				CLANG_WARN_ENUM_CONVERSION = YES;
				CLANG_WARN_INFINITE_RECURSION = YES;
				CLANG_WARN_INT_CONVERSION = YES;
				CLANG_WARN_NON_LITERAL_NULL_CONVERSION = YES;
				CLANG_WARN_OBJC_IMPLICIT_RETAIN_SELF = YES;
				CLANG_WARN_OBJC_LITERAL_CONVERSION = YES;
				CLANG_WARN_OBJC_ROOT_CLASS = YES_ERROR;
				CLANG_WARN_QUOTED_INCLUDE_IN_FRAMEWORK_HEADER = YES;
				CLANG_WARN_RANGE_LOOP_ANALYSIS = YES;
				CLANG_WARN_STRICT_PROTOTYPES = YES;
				CLANG_WARN_SUSPICIOUS_MOVE = YES;
				CLANG_WARN_UNGUARDED_AVAILABILITY = YES_AGGRESSIVE;
				CLANG_WARN_UNREACHABLE_CODE = YES;
				CLANG_WARN__DUPLICATE_METHOD_MATCH = YES;
				COPY_PHASE_STRIP = NO;
				DEBUG_INFORMATION_FORMAT = dwarf;
				ENABLE_STRICT_OBJC_MSGSEND = YES;
				ENABLE_TESTABILITY = YES;
				ENABLE_USER_SCRIPT_SANDBOXING = YES;
				GCC_C_LANGUAGE_STANDARD = gnu17;
				GCC_DYNAMIC_NO_PIC = NO;
				GCC_NO_COMMON_BLOCKS = YES;
				GCC_OPTIMIZATION_LEVEL = 0;
				GCC_PREPROCESSOR_DEFINITIONS = (
					"DEBUG=1",
					"$(inherited)",
				);
				GCC_WARN_64_TO_32_BIT_CONVERSION = YES;
				GCC_WARN_ABOUT_RETURN_TYPE = YES_ERROR;
				GCC_WARN_UNDECLARED_SELECTOR = YES;
				GCC_WARN_UNINITIALIZED_AUTOS = YES_AGGRESSIVE;
				GCC_WARN_UNUSED_FUNCTION = YES;
				GCC_WARN_UNUSED_VARIABLE = YES;
				LOCALIZATION_PREFERS_STRING_CATALOGS = YES;
				MACOSX_DEPLOYMENT_TARGET = 14.0;
				MTL_ENABLE_DEBUG_INFO = INCLUDE_SOURCE;
				MTL_FAST_MATH = YES;
				ONLY_ACTIVE_ARCH = YES;
				SDKROOT = macosx;
				SWIFT_ACTIVE_COMPILATION_CONDITIONS = "DEBUG $(inherited)";
				SWIFT_OPTIMIZATION_LEVEL = "-Onone";
			};
			name = Debug;
		};
		B5674D5F2B6033E600B20F39 /* Release */ = {
			isa = XCBuildConfiguration;
			buildSettings = {
				ALWAYS_SEARCH_USER_PATHS = NO;
				ASSETCATALOG_COMPILER_GENERATE_SWIFT_ASSET_SYMBOL_EXTENSIONS = YES;
				CLANG_ANALYZER_NONNULL = YES;
				CLANG_ANALYZER_NUMBER_OBJECT_CONVERSION = YES_AGGRESSIVE;
				CLANG_CXX_LANGUAGE_STANDARD = "gnu++20";
				CLANG_ENABLE_MODULES = YES;
				CLANG_ENABLE_OBJC_ARC = YES;
				CLANG_ENABLE_OBJC_WEAK = YES;
				CLANG_WARN_BLOCK_CAPTURE_AUTORELEASING = YES;
				CLANG_WARN_BOOL_CONVERSION = YES;
				CLANG_WARN_COMMA = YES;
				CLANG_WARN_CONSTANT_CONVERSION = YES;
				CLANG_WARN_DEPRECATED_OBJC_IMPLEMENTATIONS = YES;
				CLANG_WARN_DIRECT_OBJC_ISA_USAGE = YES_ERROR;
				CLANG_WARN_DOCUMENTATION_COMMENTS = YES;
				CLANG_WARN_EMPTY_BODY = YES;
				CLANG_WARN_ENUM_CONVERSION = YES;
				CLANG_WARN_INFINITE_RECURSION = YES;
				CLANG_WARN_INT_CONVERSION = YES;
				CLANG_WARN_NON_LITERAL_NULL_CONVERSION = YES;
				CLANG_WARN_OBJC_IMPLICIT_RETAIN_SELF = YES;
				CLANG_WARN_OBJC_LITERAL_CONVERSION = YES;
				CLANG_WARN_OBJC_ROOT_CLASS = YES_ERROR;
				CLANG_WARN_QUOTED_INCLUDE_IN_FRAMEWORK_HEADER = YES;
				CLANG_WARN_RANGE_LOOP_ANALYSIS = YES;
				CLANG_WARN_STRICT_PROTOTYPES = YES;
				CLANG_WARN_SUSPICIOUS_MOVE = YES;
				CLANG_WARN_UNGUARDED_AVAILABILITY = YES_AGGRESSIVE;
				CLANG_WARN_UNREACHABLE_CODE = YES;
				CLANG_WARN__DUPLICATE_METHOD_MATCH = YES;
				COPY_PHASE_STRIP = NO;
				DEBUG_INFORMATION_FORMAT = "dwarf-with-dsym";
				ENABLE_NS_ASSERTIONS = NO;
				ENABLE_STRICT_OBJC_MSGSEND = YES;
				ENABLE_USER_SCRIPT_SANDBOXING = YES;
				GCC_C_LANGUAGE_STANDARD = gnu17;
				GCC_NO_COMMON_BLOCKS = YES;
				GCC_WARN_64_TO_32_BIT_CONVERSION = YES;
				GCC_WARN_ABOUT_RETURN_TYPE = YES_ERROR;
				GCC_WARN_UNDECLARED_SELECTOR = YES;
				GCC_WARN_UNINITIALIZED_AUTOS = YES_AGGRESSIVE;
				GCC_WARN_UNUSED_FUNCTION = YES;
				GCC_WARN_UNUSED_VARIABLE = YES;
				LOCALIZATION_PREFERS_STRING_CATALOGS = YES;
				MACOSX_DEPLOYMENT_TARGET = 14.0;
				MTL_ENABLE_DEBUG_INFO = NO;
				MTL_FAST_MATH = YES;
				SDKROOT = macosx;
				SWIFT_COMPILATION_MODE = wholemodule;
			};
			name = Release;
		};
		B5674D612B6033E600B20F39 /* Debug */ = {
			isa = XCBuildConfiguration;
			buildSettings = {
				ASSETCATALOG_COMPILER_APPICON_NAME = AppIcon;
				ASSETCATALOG_COMPILER_GLOBAL_ACCENT_COLOR_NAME = AccentColor;
				CODE_SIGN_ENTITLEMENTS = SpartahackApp/SpartahackApp.entitlements;
				CODE_SIGN_STYLE = Automatic;
				COMBINE_HIDPI_IMAGES = YES;
				CURRENT_PROJECT_VERSION = 1;
				DEVELOPMENT_ASSET_PATHS = "\"SpartahackApp/Preview Content\"";
				DEVELOPMENT_TEAM = 7TQL462TU8;
				ENABLE_HARDENED_RUNTIME = YES;
				ENABLE_PREVIEWS = YES;
				GENERATE_INFOPLIST_FILE = YES;
				INFOPLIST_KEY_NSHumanReadableCopyright = "";
				LD_RUNPATH_SEARCH_PATHS = (
					"$(inherited)",
					"@executable_path/../Frameworks",
				);
				MACOSX_DEPLOYMENT_TARGET = 14.0;
				MARKETING_VERSION = 1.0;
				PRODUCT_BUNDLE_IDENTIFIER = TechSmith.SpartahackApp;
				PRODUCT_NAME = "$(TARGET_NAME)";
				SUPPORTED_PLATFORMS = "iphoneos iphonesimulator macosx";
				SUPPORTS_MACCATALYST = NO;
				SWIFT_EMIT_LOC_STRINGS = YES;
				SWIFT_VERSION = 5.0;
				TARGETED_DEVICE_FAMILY = "1,2";
			};
			name = Debug;
		};
		B5674D622B6033E600B20F39 /* Release */ = {
			isa = XCBuildConfiguration;
			buildSettings = {
				ASSETCATALOG_COMPILER_APPICON_NAME = AppIcon;
				ASSETCATALOG_COMPILER_GLOBAL_ACCENT_COLOR_NAME = AccentColor;
				CODE_SIGN_ENTITLEMENTS = SpartahackApp/SpartahackApp.entitlements;
				CODE_SIGN_STYLE = Automatic;
				COMBINE_HIDPI_IMAGES = YES;
				CURRENT_PROJECT_VERSION = 1;
				DEVELOPMENT_ASSET_PATHS = "\"SpartahackApp/Preview Content\"";
				DEVELOPMENT_TEAM = 7TQL462TU8;
				ENABLE_HARDENED_RUNTIME = YES;
				ENABLE_PREVIEWS = YES;
				GENERATE_INFOPLIST_FILE = YES;
				INFOPLIST_KEY_NSHumanReadableCopyright = "";
				LD_RUNPATH_SEARCH_PATHS = (
					"$(inherited)",
					"@executable_path/../Frameworks",
				);
				MACOSX_DEPLOYMENT_TARGET = 14.0;
				MARKETING_VERSION = 1.0;
				PRODUCT_BUNDLE_IDENTIFIER = TechSmith.SpartahackApp;
				PRODUCT_NAME = "$(TARGET_NAME)";
				SUPPORTED_PLATFORMS = "iphoneos iphonesimulator macosx";
				SUPPORTS_MACCATALYST = NO;
				SWIFT_EMIT_LOC_STRINGS = YES;
				SWIFT_VERSION = 5.0;
				TARGETED_DEVICE_FAMILY = "1,2";
			};
			name = Release;
		};
/* End XCBuildConfiguration section */

/* Begin XCConfigurationList section */
		B5674D4A2B6033DA00B20F39 /* Build configuration list for PBXProject "SpartahackApp" */ = {
			isa = XCConfigurationList;
			buildConfigurations = (
				B5674D5E2B6033E600B20F39 /* Debug */,
				B5674D5F2B6033E600B20F39 /* Release */,
			);
			defaultConfigurationIsVisible = 0;
			defaultConfigurationName = Release;
		};
		B5674D602B6033E600B20F39 /* Build configuration list for PBXNativeTarget "SpartahackApp" */ = {
			isa = XCConfigurationList;
			buildConfigurations = (
				B5674D612B6033E600B20F39 /* Debug */,
				B5674D622B6033E600B20F39 /* Release */,
			);
			defaultConfigurationIsVisible = 0;
			defaultConfigurationName = Release;
		};
/* End XCConfigurationList section */
	};
	rootObject = B5674D472B6033DA00B20F39 /* Project object */;
}
